// !$*UTF8*$!
{
	archiveVersion = 1;
	classes = {
	};
	objectVersion = 48;
	objects = {

/* Begin PBXBuildFile section */
		B85CF7C5204E628900692A16 /* AppDelegate.swift in Sources */ = {isa = PBXBuildFile; fileRef = B85CF7C4204E628900692A16 /* AppDelegate.swift */; };
		B85CF7C7204E628900692A16 /* ViewController.swift in Sources */ = {isa = PBXBuildFile; fileRef = B85CF7C6204E628900692A16 /* ViewController.swift */; };
		B85CF7CA204E628900692A16 /* Main.storyboard in Resources */ = {isa = PBXBuildFile; fileRef = B85CF7C8204E628900692A16 /* Main.storyboard */; };
		B85CF7CC204E628900692A16 /* Assets.xcassets in Resources */ = {isa = PBXBuildFile; fileRef = B85CF7CB204E628900692A16 /* Assets.xcassets */; };
		B85CF7CF204E628900692A16 /* LaunchScreen.storyboard in Resources */ = {isa = PBXBuildFile; fileRef = B85CF7CD204E628900692A16 /* LaunchScreen.storyboard */; };
		B85CF7D8204E638100692A16 /* testAudio.m4a in Resources */ = {isa = PBXBuildFile; fileRef = B85CF7D7204E638100692A16 /* testAudio.m4a */; };
/* End PBXBuildFile section */

/* Begin PBXFileReference section */
		B85CF7C1204E628900692A16 /* AudioLearning.app */ = {isa = PBXFileReference; explicitFileType = wrapper.application; includeInIndex = 0; path = AudioLearning.app; sourceTree = BUILT_PRODUCTS_DIR; };
		B85CF7C4204E628900692A16 /* AppDelegate.swift */ = {isa = PBXFileReference; lastKnownFileType = sourcecode.swift; path = AppDelegate.swift; sourceTree = "<group>"; };
		B85CF7C6204E628900692A16 /* ViewController.swift */ = {isa = PBXFileReference; lastKnownFileType = sourcecode.swift; path = ViewController.swift; sourceTree = "<group>"; };
		B85CF7C9204E628900692A16 /* Base */ = {isa = PBXFileReference; lastKnownFileType = file.storyboard; name = Base; path = Base.lproj/Main.storyboard; sourceTree = "<group>"; };
		B85CF7CB204E628900692A16 /* Assets.xcassets */ = {isa = PBXFileReference; lastKnownFileType = folder.assetcatalog; path = Assets.xcassets; sourceTree = "<group>"; };
		B85CF7CE204E628900692A16 /* Base */ = {isa = PBXFileReference; lastKnownFileType = file.storyboard; name = Base; path = Base.lproj/LaunchScreen.storyboard; sourceTree = "<group>"; };
		B85CF7D0204E628900692A16 /* Info.plist */ = {isa = PBXFileReference; lastKnownFileType = text.plist.xml; path = Info.plist; sourceTree = "<group>"; };
		B85CF7D7204E638100692A16 /* testAudio.m4a */ = {isa = PBXFileReference; lastKnownFileType = file; path = testAudio.m4a; sourceTree = "<group>"; };
/* End PBXFileReference section */

/* Begin PBXFrameworksBuildPhase section */
		B85CF7BE204E628900692A16 /* Frameworks */ = {
			isa = PBXFrameworksBuildPhase;
			buildActionMask = 2147483647;
			files = (
			);
			runOnlyForDeploymentPostprocessing = 0;
		};
/* End PBXFrameworksBuildPhase section */

/* Begin PBXGroup section */
		B85CF7B8204E628900692A16 = {
			isa = PBXGroup;
			children = (
				B85CF7C3204E628900692A16 /* AudioLearning */,
				B85CF7C2204E628900692A16 /* Products */,
			);
			sourceTree = "<group>";
		};
		B85CF7C2204E628900692A16 /* Products */ = {
			isa = PBXGroup;
			children = (
				B85CF7C1204E628900692A16 /* AudioLearning.app */,
			);
			name = Products;
			sourceTree = "<group>";
		};
		B85CF7C3204E628900692A16 /* AudioLearning */ = {
			isa = PBXGroup;
			children = (
				B85CF7D6204E62E400692A16 /* audio */,
				B85CF7C4204E628900692A16 /* AppDelegate.swift */,
				B85CF7C6204E628900692A16 /* ViewController.swift */,
				B85CF7C8204E628900692A16 /* Main.storyboard */,
				B85CF7CB204E628900692A16 /* Assets.xcassets */,
				B85CF7CD204E628900692A16 /* LaunchScreen.storyboard */,
				B85CF7D0204E628900692A16 /* Info.plist */,
			);
			path = AudioLearning;
			sourceTree = "<group>";
		};
		B85CF7D6204E62E400692A16 /* audio */ = {
			isa = PBXGroup;
			children = (
				B85CF7D7204E638100692A16 /* testAudio.m4a */,
			);
			path = audio;
			sourceTree = "<group>";
		};
/* End PBXGroup section */

/* Begin PBXNativeTarget section */
		B85CF7C0204E628900692A16 /* AudioLearning */ = {
			isa = PBXNativeTarget;
			buildConfigurationList = B85CF7D3204E628900692A16 /* Build configuration list for PBXNativeTarget "AudioLearning" */;
			buildPhases = (
				B85CF7BD204E628900692A16 /* Sources */,
				B85CF7BE204E628900692A16 /* Frameworks */,
				B85CF7BF204E628900692A16 /* Resources */,
			);
			buildRules = (
			);
			dependencies = (
			);
			name = AudioLearning;
			productName = AudioLearning;
			productReference = B85CF7C1204E628900692A16 /* AudioLearning.app */;
			productType = "com.apple.product-type.application";
		};
/* End PBXNativeTarget section */

/* Begin PBXProject section */
		B85CF7B9204E628900692A16 /* Project object */ = {
			isa = PBXProject;
			attributes = {
				LastSwiftUpdateCheck = 0920;
				LastUpgradeCheck = 0920;
				ORGANIZATIONNAME = "Nick Walter";
				TargetAttributes = {
					B85CF7C0204E628900692A16 = {
						CreatedOnToolsVersion = 9.2;
						ProvisioningStyle = Automatic;
					};
				};
			};
			buildConfigurationList = B85CF7BC204E628900692A16 /* Build configuration list for PBXProject "AudioLearning" */;
			compatibilityVersion = "Xcode 8.0";
			developmentRegion = en;
			hasScannedForEncodings = 0;
			knownRegions = (
				en,
				Base,
			);
			mainGroup = B85CF7B8204E628900692A16;
			productRefGroup = B85CF7C2204E628900692A16 /* Products */;
			projectDirPath = "";
			projectRoot = "";
			targets = (
				B85CF7C0204E628900692A16 /* AudioLearning */,
			);
		};
/* End PBXProject section */

/* Begin PBXResourcesBuildPhase section */
		B85CF7BF204E628900692A16 /* Resources */ = {
			isa = PBXResourcesBuildPhase;
			buildActionMask = 2147483647;
			files = (
				B85CF7CF204E628900692A16 /* LaunchScreen.storyboard in Resources */,
				B85CF7CC204E628900692A16 /* Assets.xcassets in Resources */,
				B85CF7CA204E628900692A16 /* Main.storyboard in Resources */,
				B85CF7D8204E638100692A16 /* testAudio.m4a in Resources */,
			);
			runOnlyForDeploymentPostprocessing = 0;
		};
/* End PBXResourcesBuildPhase section */

/* Begin PBXSourcesBuildPhase section */
		B85CF7BD204E628900692A16 /* Sources */ = {
			isa = PBXSourcesBuildPhase;
			buildActionMask = 2147483647;
			files = (
				B85CF7C7204E628900692A16 /* ViewController.swift in Sources */,
				B85CF7C5204E628900692A16 /* AppDelegate.swift in Sources */,
			);
			runOnlyForDeploymentPostprocessing = 0;
		};
/* End PBXSourcesBuildPhase section */

/* Begin PBXVariantGroup section */
		B85CF7C8204E628900692A16 /* Main.storyboard */ = {
			isa = PBXVariantGroup;
			children = (
				B85CF7C9204E628900692A16 /* Base */,
			);
			name = Main.storyboard;
			sourceTree = "<group>";
		};
		B85CF7CD204E628900692A16 /* LaunchScreen.storyboard */ = {
			isa = PBXVariantGroup;
			children = (
				B85CF7CE204E628900692A16 /* Base */,
			);
			name = LaunchScreen.storyboard;
			sourceTree = "<group>";
		};
/* End PBXVariantGroup section */

/* Begin XCBuildConfiguration section */
		B85CF7D1204E628900692A16 /* Debug */ = {
			isa = XCBuildConfiguration;
			buildSettings = {
				ALWAYS_SEARCH_USER_PATHS = NO;
				CLANG_ANALYZER_NONNULL = YES;
				CLANG_ANALYZER_NUMBER_OBJECT_CONVERSION = YES_AGGRESSIVE;
				CLANG_CXX_LANGUAGE_STANDARD = "gnu++14";
				CLANG_CXX_LIBRARY = "libc++";
				CLANG_ENABLE_MODULES = YES;
				CLANG_ENABLE_OBJC_ARC = YES;
				CLANG_WARN_BLOCK_CAPTURE_AUTORELEASING = YES;
				CLANG_WARN_BOOL_CONVERSION = YES;
				CLANG_WARN_COMMA = YES;
				CLANG_WARN_CONSTANT_CONVERSION = YES;
				CLANG_WARN_DIRECT_OBJC_ISA_USAGE = YES_ERROR;
				CLANG_WARN_DOCUMENTATION_COMMENTS = YES;
				CLANG_WARN_EMPTY_BODY = YES;
				CLANG_WARN_ENUM_CONVERSION = YES;
				CLANG_WARN_INFINITE_RECURSION = YES;
				CLANG_WARN_INT_CONVERSION = YES;
				CLANG_WARN_NON_LITERAL_NULL_CONVERSION = YES;
				CLANG_WARN_OBJC_LITERAL_CONVERSION = YES;
				CLANG_WARN_OBJC_ROOT_CLASS = YES_ERROR;
				CLANG_WARN_RANGE_LOOP_ANALYSIS = YES;
				CLANG_WARN_STRICT_PROTOTYPES = YES;
				CLANG_WARN_SUSPICIOUS_MOVE = YES;
				CLANG_WARN_UNGUARDED_AVAILABILITY = YES_AGGRESSIVE;
				CLANG_WARN_UNREACHABLE_CODE = YES;
				CLANG_WARN__DUPLICATE_METHOD_MATCH = YES;
				CODE_SIGN_IDENTITY = "iPhone Developer";
				COPY_PHASE_STRIP = NO;
				DEBUG_INFORMATION_FORMAT = dwarf;
				ENABLE_STRICT_OBJC_MSGSEND = YES;
				ENABLE_TESTABILITY = YES;
				GCC_C_LANGUAGE_STANDARD = gnu11;
				GCC_DYNAMIC_NO_PIC = NO;
				GCC_NO_COMMON_BLOCKS = YES;
				GCC_OPTIMIZATION_LEVEL = 0;
				GCC_PREPROCESSOR_DEFINITIONS = (
					"DEBUG=1",
					"$(inherited)",
				);
				GCC_WARN_64_TO_32_BIT_CONVERSION = YES;
				GCC_WARN_ABOUT_RETURN_TYPE = YES_ERROR;
				GCC_WARN_UNDECLARED_SELECTOR = YES;
				GCC_WARN_UNINITIALIZED_AUTOS = YES_AGGRESSIVE;
				GCC_WARN_UNUSED_FUNCTION = YES;
				GCC_WARN_UNUSED_VARIABLE = YES;
				IPHONEOS_DEPLOYMENT_TARGET = 11.2;
				MTL_ENABLE_DEBUG_INFO = YES;
				ONLY_ACTIVE_ARCH = YES;
				SDKROOT = iphoneos;
				SWIFT_ACTIVE_COMPILATION_CONDITIONS = DEBUG;
				SWIFT_OPTIMIZATION_LEVEL = "-Onone";
			};
			name = Debug;
		};
		B85CF7D2204E628900692A16 /* Release */ = {
			isa = XCBuildConfiguration;
			buildSettings = {
				ALWAYS_SEARCH_USER_PATHS = NO;
				CLANG_ANALYZER_NONNULL = YES;
				CLANG_ANALYZER_NUMBER_OBJECT_CONVERSION = YES_AGGRESSIVE;
				CLANG_CXX_LANGUAGE_STANDARD = "gnu++14";
				CLANG_CXX_LIBRARY = "libc++";
				CLANG_ENABLE_MODULES = YES;
				CLANG_ENABLE_OBJC_ARC = YES;
				CLANG_WARN_BLOCK_CAPTURE_AUTORELEASING = YES;
				CLANG_WARN_BOOL_CONVERSION = YES;
				CLANG_WARN_COMMA = YES;
				CLANG_WARN_CONSTANT_CONVERSION = YES;
				CLANG_WARN_DIRECT_OBJC_ISA_USAGE = YES_ERROR;
				CLANG_WARN_DOCUMENTATION_COMMENTS = YES;
				CLANG_WARN_EMPTY_BODY = YES;
				CLANG_WARN_ENUM_CONVERSION = YES;
				CLANG_WARN_INFINITE_RECURSION = YES;
				CLANG_WARN_INT_CONVERSION = YES;
				CLANG_WARN_NON_LITERAL_NULL_CONVERSION = YES;
				CLANG_WARN_OBJC_LITERAL_CONVERSION = YES;
				CLANG_WARN_OBJC_ROOT_CLASS = YES_ERROR;
				CLANG_WARN_RANGE_LOOP_ANALYSIS = YES;
				CLANG_WARN_STRICT_PROTOTYPES = YES;
				CLANG_WARN_SUSPICIOUS_MOVE = YES;
				CLANG_WARN_UNGUARDED_AVAILABILITY = YES_AGGRESSIVE;
				CLANG_WARN_UNREACHABLE_CODE = YES;
				CLANG_WARN__DUPLICATE_METHOD_MATCH = YES;
				CODE_SIGN_IDENTITY = "iPhone Developer";
				COPY_PHASE_STRIP = NO;
				DEBUG_INFORMATION_FORMAT = "dwarf-with-dsym";
				ENABLE_NS_ASSERTIONS = NO;
				ENABLE_STRICT_OBJC_MSGSEND = YES;
				GCC_C_LANGUAGE_STANDARD = gnu11;
				GCC_NO_COMMON_BLOCKS = YES;
				GCC_WARN_64_TO_32_BIT_CONVERSION = YES;
				GCC_WARN_ABOUT_RETURN_TYPE = YES_ERROR;
				GCC_WARN_UNDECLARED_SELECTOR = YES;
				GCC_WARN_UNINITIALIZED_AUTOS = YES_AGGRESSIVE;
				GCC_WARN_UNUSED_FUNCTION = YES;
				GCC_WARN_UNUSED_VARIABLE = YES;
				IPHONEOS_DEPLOYMENT_TARGET = 11.2;
				MTL_ENABLE_DEBUG_INFO = NO;
				SDKROOT = iphoneos;
				SWIFT_OPTIMIZATION_LEVEL = "-Owholemodule";
				VALIDATE_PRODUCT = YES;
			};
			name = Release;
		};
		B85CF7D4204E628900692A16 /* Debug */ = {
			isa = XCBuildConfiguration;
			buildSettings = {
				ASSETCATALOG_COMPILER_APPICON_NAME = AppIcon;
				CODE_SIGN_STYLE = Automatic;
				DEVELOPMENT_TEAM = WLDBM3YRW9;
				INFOPLIST_FILE = AudioLearning/Info.plist;
				LD_RUNPATH_SEARCH_PATHS = "$(inherited) @executable_path/Frameworks";
				PRODUCT_BUNDLE_IDENTIFIER = com.zappycode.AudioLearning;
				PRODUCT_NAME = "$(TARGET_NAME)";
				SWIFT_VERSION = 4.0;
				TARGETED_DEVICE_FAMILY = "1,2";
			};
			name = Debug;
		};
		B85CF7D5204E628900692A16 /* Release */ = {
			isa = XCBuildConfiguration;
			buildSettings = {
				ASSETCATALOG_COMPILER_APPICON_NAME = AppIcon;
				CODE_SIGN_STYLE = Automatic;
				DEVELOPMENT_TEAM = WLDBM3YRW9;
				INFOPLIST_FILE = AudioLearning/Info.plist;
				LD_RUNPATH_SEARCH_PATHS = "$(inherited) @executable_path/Frameworks";
				PRODUCT_BUNDLE_IDENTIFIER = com.zappycode.AudioLearning;
				PRODUCT_NAME = "$(TARGET_NAME)";
				SWIFT_VERSION = 4.0;
				TARGETED_DEVICE_FAMILY = "1,2";
			};
			name = Release;
		};
/* End XCBuildConfiguration section */

/* Begin XCConfigurationList section */
		B85CF7BC204E628900692A16 /* Build configuration list for PBXProject "AudioLearning" */ = {
			isa = XCConfigurationList;
			buildConfigurations = (
				B85CF7D1204E628900692A16 /* Debug */,
				B85CF7D2204E628900692A16 /* Release */,
			);
			defaultConfigurationIsVisible = 0;
			defaultConfigurationName = Release;
		};
		B85CF7D3204E628900692A16 /* Build configuration list for PBXNativeTarget "AudioLearning" */ = {
			isa = XCConfigurationList;
			buildConfigurations = (
				B85CF7D4204E628900692A16 /* Debug */,
				B85CF7D5204E628900692A16 /* Release */,
			);
			defaultConfigurationIsVisible = 0;
			defaultConfigurationName = Release;
		};
/* End XCConfigurationList section */
	};
	rootObject = B85CF7B9204E628900692A16 /* Project object */;
}
